<?xml version="1.0" encoding="utf-8"?>
<Project ToolsVersion="4.0" xmlns="http://schemas.microsoft.com/developer/msbuild/2003">
  <ItemGroup>
    <ClCompile Include="Door.cpp" />
    <ClCompile Include="Enemy.cpp" />
    <ClCompile Include="Button.cpp" />
    <ClCompile Include="FollowEnemy.cpp" />
    <ClCompile Include="GMIT_Hackaton_Team2.cpp" />
    <ClCompile Include="InputHandler.cpp" />
    <ClCompile Include="Obstacle.cpp" />
    <ClCompile Include="ObstacleManager.cpp" />
    <ClCompile Include="Player.cpp" />
    <ClCompile Include="Level.cpp" />
    <ClCompile Include="Renderer.cpp" />
    <ClCompile Include="Sprite.cpp" />
    <ClCompile Include="stdafx.cpp" />
    <ClCompile Include="Mutex.cpp" />
    <ClCompile Include="DataBase.cpp" />
  </ItemGroup>
  <ItemGroup>
    <ClInclude Include="CollisionResponder.h" />
    <ClInclude Include="Door.h" />
    <ClInclude Include="Enemy.h" />
    <ClInclude Include="FollowEnemy.h" />
    <ClInclude Include="MyContactListener.h" />
    <ClInclude Include="Button.h" />
    <ClInclude Include="InputHandler.h" />
    <ClInclude Include="Obstacle.h" />
    <ClInclude Include="ObstacleManager.h" />
    <ClInclude Include="Player.h" />
    <ClInclude Include="Level.h" />
    <ClInclude Include="Renderer.h" />
    <ClInclude Include="Sprite.h" />
    <ClInclude Include="stdafx.h" />
    <ClInclude Include="targetver.h" />
    <ClInclude Include="Mutex.h" />
    <ClInclude Include="DataBase.h" />
  </ItemGroup>
  <ItemGroup>
    <Image Include="Assets\bottom.png" />
    <Image Include="Assets\bot_wall_bottomhalf.png" />
    <Image Include="Assets\bot_wall_tophalf.png" />
    <Image Include="Assets\b_door_b_l.png" />
    <Image Include="Assets\b_door_b_r.png" />
    <Image Include="Assets\b_door_t_l.png" />
    <Image Include="Assets\b_door_t_r.png" />
    <Image Include="Assets\corner.png" />
    <Image Include="Assets\corner_bot_left.png" />
    <Image Include="Assets\door_b_l.png" />
    <Image Include="Assets\door_b_r.png" />
    <Image Include="Assets\door_t_l.png" />
    <Image Include="Assets\door_t_r.png" />
    <Image Include="Assets\ExitButton.png" />
    <Image Include="Assets\floor.png" />
    <Image Include="Assets\left.png" />
    <Image Include="Assets\left_wall_bottomhalf.png" />
    <Image Include="Assets\left_wall_tophalf.png" />
    <Image Include="Assets\l_door_b_l.png" />
    <Image Include="Assets\l_door_b_r.png" />
    <Image Include="Assets\l_door_t_l.png" />
    <Image Include="Assets\l_door_t_r.png" />
    <Image Include="Assets\menu.png" />
    <Image Include="Assets\Play.png" />
    <Image Include="Assets\PlayButton.png" />
    <Image Include="Assets\right.png" />
    <Image Include="Assets\right_wall_bottomhalf.png" />
    <Image Include="Assets\right_wall_tophalf.png" />
    <Image Include="Assets\r_door_b_l.png" />
    <Image Include="Assets\r_door_b_r.png" />
    <Image Include="Assets\r_door_t_l.png" />
    <Image Include="Assets\r_door_t_r.png" />
    <Image Include="Assets\top left corner.png" />
    <Image Include="Assets\top_wall_bottomhalf.png" />
    <Image Include="Assets\top_wall_tophalf.png" />
  </ItemGroup>
  <ItemGroup>
    <Text Include="Level1.txt" />
    <Text Include="ReadMe.txt" />
  </ItemGroup>
</Project>